
Microsoft Visual Studio Solution File, Format Version 12.00
# Visual Studio 15
VisualStudioVersion = 15.0.28307.421
MinimumVisualStudioVersion = 10.0.40219.1
Project("{FAE04EC0-301F-11D3-BF4B-00C04F79EFBC}") = "New Tutorial", "New Tutorial\New Tutorial.csproj", "{9B4095B5-8A3A-447E-9EBE-9D3CD8B43C98}"
EndProject
Global
	GlobalSection(SolutionConfigurationPlatforms) = preSolution
		Debug|Any CPU = Debug|Any CPU
		Release|Any CPU = Release|Any CPU
	EndGlobalSection
	GlobalSection(ProjectConfigurationPlatforms) = postSolution
		{9B4095B5-8A3A-447E-9EBE-9D3CD8B43C98}.Debug|Any CPU.ActiveCfg = Debug|Any CPU
		{9B4095B5-8A3A-447E-9EBE-9D3CD8B43C98}.Debug|Any CPU.Build.0 = Debug|Any CPU
		{9B4095B5-8A3A-447E-9EBE-9D3CD8B43C98}.Release|Any CPU.ActiveCfg = Release|Any CPU
		{9B4095B5-8A3A-447E-9EBE-9D3CD8B43C98}.Release|Any CPU.Build.0 = Release|Any CPU
	EndGlobalSection
	GlobalSection(SolutionProperties) = preSolution
		HideSolutionNode = FALSE
	EndGlobalSection
	GlobalSection(ExtensibilityGlobals) = postSolution
		SolutionGuid = {0FA43ED1-4A45-4B4E-A81D-3CCAAD076D3B}
	EndGlobalSection
EndGlobal
